lockfileVersion: '9.0'

settings:
  autoInstallPeers: true
  excludeLinksFromLockfile: false

importers:

  .:
    devDependencies:
      oxfmt:
        specifier: ^0.46.0
        version: 0.46.0
      oxlint:
        specifier: ^1.72.0
        version: 1.72.0

packages:

  '@oxfmt/binding-android-arm-eabi@0.46.0':
    resolution: {integrity: sha512-b1doV4WRcJU+BESSlCvCjV+5CEr/T6h0frArAdV26Nir+gGNFNaylvDiiMPfF1pxeV0txZEs38ojzJaxBYg+ng==}
    engines: {node: ^20.19.0 || >=22.12.0}
    cpu: [arm]
    os: [android]

  '@oxfmt/binding-android-arm64@0.46.0':
    resolution: {integrity: sha512-v6+HhjsoV3GO0u2u9jLSAZrvWfTraDxKofUIQ7/ktS7tzS+epVsxdHmeM+XxuNcAY/nWxxU1Sg4JcGTNRXraBA==}
    engines: {node: ^20.19.0 || >=22.12.0}
    cpu: [arm64]
    os: [android]

  '@oxfmt/binding-darwin-arm64@0.46.0':
    resolution: {integrity: sha512-3eeooJGrqGIlI5MyryDZsAcKXSmKIgAD4yYtfRrRJzXZ0UTFZtiSveIur56YPrGMYZwT4XyVhHsMqrNwr1XeFA==}
    engines: {node: ^20.19.0 || >=22.12.0}
    cpu: [arm64]
    os: [darwin]

  '@oxfmt/binding-darwin-x64@0.46.0':
    resolution: {integrity: sha512-QG8BDM0CXWbu84k2SKmCqfEddPQPFiBicwtYnLqHRWZZl57HbtOLRMac/KTq2NO4AEc4ICCBpFxJIV9zcqYfkQ==}
    engines: {node: ^20.19.0 || >=22.12.0}
    cpu: [x64]
    os: [darwin]

  '@oxfmt/binding-freebsd-x64@0.46.0':
    resolution: {integrity: sha512-9DdCqS/n2ncu/Chazvt3cpgAjAmIGQDz7hFKSrNItMApyV/Ja9mz3hD4JakIE3nS8PW9smEbPWnb389QLBY4nw==}
    engines: {node: ^20.19.0 || >=22.12.0}
    cpu: [x64]
    os: [freebsd]

  '@oxfmt/binding-linux-arm-gnueabihf@0.46.0':
    resolution: {integrity: sha512-Dgs7VeE2jT0LHMhw6tPEt0xQYe54kBqHEovmWsv4FVQlegCOvlIJNx0S8n4vj8WUtpT+Z6BD2HhKJPLglLxvZg==}
    engines: {node: ^20.19.0 || >=22.12.0}
    cpu: [arm]
    os: [linux]

  '@oxfmt/binding-linux-arm-musleabihf@0.46.0':
    resolution: {integrity: sha512-Zxn3adhTH13JKnU4xXJj8FeEfF680XjXh3gSShKl57HCMBRde2tUJTgogV/1MSHA80PJEVrDa7r66TLVq3Ia7Q==}
    engines: {node: ^20.19.0 || >=22.12.0}
    cpu: [arm]
    os: [linux]

  '@oxfmt/binding-linux-arm64-gnu@0.46.0':
    resolution: {integrity: sha512-+TWipjrgVM8D7aIdDD0tlr3teLTTvQTn7QTE5BpT10H1Fj82gfdn9X6nn2sDgx/MepuSCfSnzFNJq2paLL0OiA==}
    engines: {node: ^20.19.0 || >=22.12.0}
    cpu: [arm64]
    os: [linux]

  '@oxfmt/binding-linux-arm64-musl@0.46.0':
    resolution: {integrity: sha512-aAUPBWJ1lGwwnxZUEDLJ94+Iy6MuwJwPxUgO4sCA5mEEyDk7b+cDQ+JpX1VR150Zoyd+D49gsrUzpUK5h587Eg==}
    engines: {node: ^20.19.0 || >=22.12.0}
    cpu: [arm64]
    os: [linux]

  '@oxfmt/binding-linux-ppc64-gnu@0.46.0':
    resolution: {integrity: sha512-ufBCJukyFX/UDrokP/r6BGDoTInnsDs7bxyzKAgMiZlt2Qu8GPJSJ6Zm6whIiJzKk0naxA8ilwmbO1LMw6Htxw==}
    engines: {node: ^20.19.0 || >=22.12.0}
    cpu: [ppc64]
    os: [linux]

  '@oxfmt/binding-linux-riscv64-gnu@0.46.0':
    resolution: {integrity: sha512-eqtlC2YmPqjun76R1gVfGLuKWx7NuEnLEAudZ7n6ipSKbCZTqIKSs1b5Y8K/JHZsRpLkeSmAAjig5HOIg8fQzQ==}
    engines: {node: ^20.19.0 || >=22.12.0}
    cpu: [riscv64]
    os: [linux]

  '@oxfmt/binding-linux-riscv64-musl@0.46.0':
    resolution: {integrity: sha512-yccVOO2nMXkQLGgy0He3EQEwKD7NF0zEk+/OWmroznkqXyJdN6bfK0LtNnr6/14Bh3FjpYq7bP33l/VloCnxpA==}
    engines: {node: ^20.19.0 || >=22.12.0}
    cpu: [riscv64]
    os: [linux]

  '@oxfmt/binding-linux-s390x-gnu@0.46.0':
    resolution: {integrity: sha512-aAf7fG23OQCey6VRPj9IeCraoYtpgtx0ZyJ1CXkPyT1wjzBE7c3xtuxHe/AdHaJfVVb/SXpSk8Gl1LzyQupSqw==}
    engines: {node: ^20.19.0 || >=22.12.0}
    cpu: [s390x]
    os: [linux]

  '@oxfmt/binding-linux-x64-gnu@0.46.0':
    resolution: {integrity: sha512-q0JPsTMyJNjYrBvYFDz4WbVsafNZaPCZv4RnFypRotLqpKROtBZcEaXQW4eb9YmvLU3NckVemLJnzkSZSdmOxw==}
    engines: {node: ^20.19.0 || >=22.12.0}
    cpu: [x64]
    os: [linux]

  '@oxfmt/binding-linux-x64-musl@0.46.0':
    resolution: {integrity: sha512-7LsLY9Cw57GPkhSR+duI3mt9baRczK/DtHYSldQ4BEU92da9igBQNl4z7Vq5U9NNPsh1FmpKvv1q9WDtiUQR1A==}
    engines: {node: ^20.19.0 || >=22.12.0}
    cpu: [x64]
    os: [linux]

  '@oxfmt/binding-openharmony-arm64@0.46.0':
    resolution: {integrity: sha512-lHiBOz8Duaku7JtRNLlps3j++eOaICPZSd8FCVmTDM4DFOPT71Bjn7g6iar1z7StXlKRweUKxWUs4sA+zWGDXg==}
    engines: {node: ^20.19.0 || >=22.12.0}
    cpu: [arm64]
    os: [openharmony]

  '@oxfmt/binding-win32-arm64-msvc@0.46.0':
    resolution: {integrity: sha512-/5ktYUliP89RhgC37DBH1x20U5zPSZMy3cMEcO0j3793rbHP9MWsknBwQB6eozRzWmYrh0IFM/p20EbPvDlYlg==}
    engines: {node: ^20.19.0 || >=22.12.0}
    cpu: [arm64]
    os: [win32]

  '@oxfmt/binding-win32-ia32-msvc@0.46.0':
    resolution: {integrity: sha512-3WTnoiuIr8XvV0DIY7SN+1uJSwKf4sPpcbHfobcRT9JutGcLaef/miyBB87jxd3aqH+mS0+G5lsgHuXLUwjjpQ==}
    engines: {node: ^20.19.0 || >=22.12.0}
    cpu: [ia32]
    os: [win32]

  '@oxfmt/binding-win32-x64-msvc@0.46.0':
    resolution: {integrity: sha512-IXxiQpkYnOwNfP23vzwSfhdpxJzyiPTY7eTn6dn3DsriKddESzM8i6kfq9R7CD/PUJwCvQT22NgtygBeug3KoA==}
    engines: {node: ^20.19.0 || >=22.12.0}
    cpu: [x64]
    os: [win32]

  '@oxlint/binding-android-arm-eabi@1.72.0':
    resolution: {integrity: sha512-zhCmvn+1Mj3UchAc/90i99S0t7jJUsHmFVSPg4UWrjO8b8eaSGwscgO6QAUtvHBstkjQwBttQNswEnAF1mIQdA==}
    engines: {node: ^20.19.0 || >=22.12.0}
    cpu: [arm]
    os: [android]

  '@oxlint/binding-android-arm64@1.72.0':
    resolution: {integrity: sha512-mtH+aY/ozv1eZoCUC2owjFAtyNBKHpJHygKeEu9zXXnQGW1Q2/qOpvx+I+Lf23+TvTz66F4iiXUbl2cGvoLPCQ==}
    engines: {node: ^20.19.0 || >=22.12.0}
    cpu: [arm64]
    os: [android]

  '@oxlint/binding-darwin-arm64@1.72.0':
    resolution: {integrity: sha512-EvnajNPDtfknB3ZieeOOyDTwJn9QXDiwfnF4ZDQqART6RG6hjY4WigQcZdGoK2dkB3e1vrmEzN9aYbQCUkh/gQ==}
    engines: {node: ^20.19.0 || >=22.12.0}
    cpu: [arm64]
    os: [darwin]

  '@oxlint/binding-darwin-x64@1.72.0':
    resolution: {integrity: sha512-ZkCdEa/G80A7vEHfeCDz/+L3m33DE73v32mDKhgOIgz8Uwf0DFcK7+uu6qC+7LEhmz5fpOe1osWKyjSNMydFIQ==}
    engines: {node: ^20.19.0 || >=22.12.0}
    cpu: [x64]
    os: [darwin]

  '@oxlint/binding-freebsd-x64@1.72.0':
    resolution: {integrity: sha512-NroXv2vh+sxVY1uya/rM5pjhx1hm8BzlYpx9q67QP0Xhw5MH2bf5GJylpvLEC+781p1Xli/317EoV9AlGwViag==}
    engines: {node: ^20.19.0 || >=22.12.0}
    cpu: [x64]
    os: [freebsd]

  '@oxlint/binding-linux-arm-gnueabihf@1.72.0':
    resolution: {integrity: sha512-0NDywYgfj279Ou/BcQuCYSj7NJwBfmWn5qc5uGO/Ny7fUWmXyIpvawqX/8acQlWG6IXelJsJhj+JAy6sjsKj0A==}
    engines: {node: ^20.19.0 || >=22.12.0}
    cpu: [arm]
    os: [linux]

  '@oxlint/binding-linux-arm-musleabihf@1.72.0':
    resolution: {integrity: sha512-4vpXB06h65Ezsy4hRyrGjGrfa1SkVPii09yaajiYhmVpgsFiLD+KNxIx/BNAY+XiO+i1yqp9HHdwqM8VTqa5XQ==}
    engines: {node: ^20.19.0 || >=22.12.0}
    cpu: [arm]
    os: [linux]

  '@oxlint/binding-linux-arm64-gnu@1.72.0':
    resolution: {integrity: sha512-immaN4g2ZGFiOkKrvRX9LvzZdd2GkQM5wR+UyzYyUuyhUTXGQ4HKUJH18xp4G8OfhCVaVAJfKZxwE1r8+4hhaQ==}
    engines: {node: ^20.19.0 || >=22.12.0}
    cpu: [arm64]
    os: [linux]

  '@oxlint/binding-linux-arm64-musl@1.72.0':
    resolution: {integrity: sha512-JGHS9Mnr7iWyyLDxgCv1MhzVpAckgptg00F2gnxt/GD7lQ2SW1BRcxHqhSTaSdDpjWRrBkBxMMh4+Hn3aVtExg==}
    engines: {node: ^20.19.0 || >=22.12.0}
    cpu: [arm64]
    os: [linux]

  '@oxlint/binding-linux-ppc64-gnu@1.72.0':
    resolution: {integrity: sha512-AOYgBZqxNshrg83P9v0RYv+m8s10Cqkj4/PxXFDhcS3k7FqsIG5+CxErshZCIN7G8iy4Y+VGfAsuEdar8AcbBg==}
    engines: {node: ^20.19.0 || >=22.12.0}
    cpu: [ppc64]
    os: [linux]

  '@oxlint/binding-linux-riscv64-gnu@1.72.0':
    resolution: {integrity: sha512-QMybPS5ij3/vrKG67mqzHwW++91sYxK/PPUVi6SBtNCEzW4niS52fVBdXbQ6nou0wWbUPEpx8Sl/ZjtgE3clXA==}
    engines: {node: ^20.19.0 || >=22.12.0}
    cpu: [riscv64]
    os: [linux]

  '@oxlint/binding-linux-riscv64-musl@1.72.0':
    resolution: {integrity: sha512-gOc3W7JV0PXRpIL7stUlLe3Wa9Gp0Kdlup87IT3gHDvPKck2xNgMIl/Gs2lldYY2lyXZDC4rWi3hmoLUobkgbQ==}
    engines: {node: ^20.19.0 || >=22.12.0}
    cpu: [riscv64]
    os: [linux]

  '@oxlint/binding-linux-s390x-gnu@1.72.0':
    resolution: {integrity: sha512-rpGxph+FjjHcYI5q6uxB3Az+tnfmEnDbSA8+PK9ZE/VzyUAkvBOMeuY7ZQMhu5mpZH7YQDsTdW6Cx4kV/msc6w==}
    engines: {node: ^20.19.0 || >=22.12.0}
    cpu: [s390x]
    os: [linux]

  '@oxlint/binding-linux-x64-gnu@1.72.0':
    resolution: {integrity: sha512-WND+uhf/Ko13SLqQMWQUgsZuLvYYEvL0ZKgg0tgGYfLqxG7l8Ju123fHDMJyYSDl5E3bUbpFUuii/OvMreFQzw==}
    engines: {node: ^20.19.0 || >=22.12.0}
    cpu: [x64]
    os: [linux]

  '@oxlint/binding-linux-x64-musl@1.72.0':
    resolution: {integrity: sha512-SrpbrUL70nG9vh6zP4/oKHWgLuHquwsr7MW9XOn0olBVgh10Uqr8qscKhQoBGEn6olK/IUpn5GSKcdQ5AjUhGA==}
    engines: {node: ^20.19.0 || >=22.12.0}
    cpu: [x64]
    os: [linux]

  '@oxlint/binding-openharmony-arm64@1.72.0':
    resolution: {integrity: sha512-qkrsEn6NmgFKr7U/QnezQMb+q/vzAy0Dd9Y95gQGQTyjzDLN+HRZMuM5u70iyH4nBLCfKBzhjMsYCehKay2jyg==}
    engines: {node: ^20.19.0 || >=22.12.0}
    cpu: [arm64]
    os: [openharmony]

  '@oxlint/binding-win32-arm64-msvc@1.72.0':
    resolution: {integrity: sha512-LWR6ZlFZph+KPjXv8opgZsXRDCdrdQe8VL8Cg9zxCoBS73h6znzZpydVgmdnwj8mB9AuSM5jxEgDJDpQkjboeg==}
    engines: {node: ^20.19.0 || >=22.12.0}
    cpu: [arm64]
    os: [win32]

  '@oxlint/binding-win32-ia32-msvc@1.72.0':
    resolution: {integrity: sha512-yt6HEh7IsHvtjRWtmeZRX134eaXKHq5Gnqlf1xBJdJl1JtdoRUEJw3nAxpZoUDS860cX/foKbztO441anVBtVQ==}
    engines: {node: ^20.19.0 || >=22.12.0}
    cpu: [ia32]
    os: [win32]

  '@oxlint/binding-win32-x64-msvc@1.72.0':
    resolution: {integrity: sha512-b2eKFD2hX7tIwmo/cyH6TDq8vzWRZ2qNHrzoGntUTmq0h3zQh/uX3eTSHCwI8OB/ADQfJCRelLItK8BsxuucDA==}
    engines: {node: ^20.19.0 || >=22.12.0}
    cpu: [x64]
    os: [win32]

  oxfmt@0.46.0:
    resolution: {integrity: sha512-CopwJOwPAjZ9p76fCvz+mSOJTw9/NY3cSksZK3VO/bUQ8UoEcketNgUuYS0UB3p+R9XnXe7wGGXUmyFxc7QxJA==}
    engines: {node: ^20.19.0 || >=22.12.0}
    hasBin: true

  oxlint@1.72.0:
    resolution: {integrity: sha512-1rhdZIP/EvoI91ABIwNU5Q8+bWf8mjrS5UzIOZld4d4bXxJvtlUhlQvaoTogIGin/qdErMOrwaIJvCSIAKTLhA==}
    engines: {node: ^20.19.0 || >=22.12.0}
    hasBin: true
    peerDependencies:
      oxlint-tsgolint: '>=0.22.1'
      vite-plus: '*'
    peerDependenciesMeta:
      oxlint-tsgolint:
        optional: true
      vite-plus:
        optional: true

  tinypool@2.1.0:
    resolution: {integrity: sha512-Pugqs6M0m7Lv1I7FtxN4aoyToKg1C4tu+/381vH35y8oENM/Ai7f7C4StcoK4/+BSw9ebcS8jRiVrORFKCALLw==}
    engines: {node: ^20.0.0 || >=22.0.0}

snapshots:

  '@oxfmt/binding-android-arm-eabi@0.46.0':
    optional: true

  '@oxfmt/binding-android-arm64@0.46.0':
    optional: true

  '@oxfmt/binding-darwin-arm64@0.46.0':
    optional: true

  '@oxfmt/binding-darwin-x64@0.46.0':
    optional: true

  '@oxfmt/binding-freebsd-x64@0.46.0':
    optional: true

  '@oxfmt/binding-linux-arm-gnueabihf@0.46.0':
    optional: true

  '@oxfmt/binding-linux-arm-musleabihf@0.46.0':
    optional: true

  '@oxfmt/binding-linux-arm64-gnu@0.46.0':
    optional: true

  '@oxfmt/binding-linux-arm64-musl@0.46.0':
    optional: true

  '@oxfmt/binding-linux-ppc64-gnu@0.46.0':
    optional: true

  '@oxfmt/binding-linux-riscv64-gnu@0.46.0':
    optional: true

  '@oxfmt/binding-linux-riscv64-musl@0.46.0':
    optional: true

  '@oxfmt/binding-linux-s390x-gnu@0.46.0':
    optional: true

  '@oxfmt/binding-linux-x64-gnu@0.46.0':
    optional: true

  '@oxfmt/binding-linux-x64-musl@0.46.0':
    optional: true

  '@oxfmt/binding-openharmony-arm64@0.46.0':
    optional: true

  '@oxfmt/binding-win32-arm64-msvc@0.46.0':
    optional: true

  '@oxfmt/binding-win32-ia32-msvc@0.46.0':
    optional: true

  '@oxfmt/binding-win32-x64-msvc@0.46.0':
    optional: true

  '@oxlint/binding-android-arm-eabi@1.72.0':
    optional: true

  '@oxlint/binding-android-arm64@1.72.0':
    optional: true

  '@oxlint/binding-darwin-arm64@1.72.0':
    optional: true

  '@oxlint/binding-darwin-x64@1.72.0':
    optional: true

  '@oxlint/binding-freebsd-x64@1.72.0':
    optional: true

  '@oxlint/binding-linux-arm-gnueabihf@1.72.0':
    optional: true

  '@oxlint/binding-linux-arm-musleabihf@1.72.0':
    optional: true

  '@oxlint/binding-linux-arm64-gnu@1.72.0':
    optional: true

  '@oxlint/binding-linux-arm64-musl@1.72.0':
    optional: true

  '@oxlint/binding-linux-ppc64-gnu@1.72.0':
    optional: true

  '@oxlint/binding-linux-riscv64-gnu@1.72.0':
    optional: true

  '@oxlint/binding-linux-riscv64-musl@1.72.0':
    optional: true

  '@oxlint/binding-linux-s390x-gnu@1.72.0':
    optional: true

  '@oxlint/binding-linux-x64-gnu@1.72.0':
    optional: true

  '@oxlint/binding-linux-x64-musl@1.72.0':
    optional: true

  '@oxlint/binding-openharmony-arm64@1.72.0':
    optional: true

  '@oxlint/binding-win32-arm64-msvc@1.72.0':
    optional: true

  '@oxlint/binding-win32-ia32-msvc@1.72.0':
    optional: true

  '@oxlint/binding-win32-x64-msvc@1.72.0':
    optional: true

  oxfmt@0.46.0:
    dependencies:
      tinypool: 2.1.0
    optionalDependencies:
      '@oxfmt/binding-android-arm-eabi': 0.46.0
      '@oxfmt/binding-android-arm64': 0.46.0
      '@oxfmt/binding-darwin-arm64': 0.46.0
      '@oxfmt/binding-darwin-x64': 0.46.0
      '@oxfmt/binding-freebsd-x64': 0.46.0
      '@oxfmt/binding-linux-arm-gnueabihf': 0.46.0
      '@oxfmt/binding-linux-arm-musleabihf': 0.46.0
      '@oxfmt/binding-linux-arm64-gnu': 0.46.0
      '@oxfmt/binding-linux-arm64-musl': 0.46.0
      '@oxfmt/binding-linux-ppc64-gnu': 0.46.0
      '@oxfmt/binding-linux-riscv64-gnu': 0.46.0
      '@oxfmt/binding-linux-riscv64-musl': 0.46.0
      '@oxfmt/binding-linux-s390x-gnu': 0.46.0
      '@oxfmt/binding-linux-x64-gnu': 0.46.0
      '@oxfmt/binding-linux-x64-musl': 0.46.0
      '@oxfmt/binding-openharmony-arm64': 0.46.0
      '@oxfmt/binding-win32-arm64-msvc': 0.46.0
      '@oxfmt/binding-win32-ia32-msvc': 0.46.0
      '@oxfmt/binding-win32-x64-msvc': 0.46.0

  oxlint@1.72.0:
    optionalDependencies:
      '@oxlint/binding-android-arm-eabi': 1.72.0
      '@oxlint/binding-android-arm64': 1.72.0
      '@oxlint/binding-darwin-arm64': 1.72.0
      '@oxlint/binding-darwin-x64': 1.72.0
      '@oxlint/binding-freebsd-x64': 1.72.0
      '@oxlint/binding-linux-arm-gnueabihf': 1.72.0
      '@oxlint/binding-linux-arm-musleabihf': 1.72.0
      '@oxlint/binding-linux-arm64-gnu': 1.72.0
      '@oxlint/binding-linux-arm64-musl': 1.72.0
      '@oxlint/binding-linux-ppc64-gnu': 1.72.0
      '@oxlint/binding-linux-riscv64-gnu': 1.72.0
      '@oxlint/binding-linux-riscv64-musl': 1.72.0
      '@oxlint/binding-linux-s390x-gnu': 1.72.0
      '@oxlint/binding-linux-x64-gnu': 1.72.0
      '@oxlint/binding-linux-x64-musl': 1.72.0
      '@oxlint/binding-openharmony-arm64': 1.72.0
      '@oxlint/binding-win32-arm64-msvc': 1.72.0
      '@oxlint/binding-win32-ia32-msvc': 1.72.0
      '@oxlint/binding-win32-x64-msvc': 1.72.0

  tinypool@2.1.0: {}
